
Microsoft Visual Studio Solution File, Format Version 11.00
# Visual Studio 2010
Project("{8BC9CEB8-8B4A-11D0-8D11-00A0C91BC942}") = "libnskernel", "libnskernel\libnskernel.vcxproj", "{7786373A-6825-4388-9621-13C84F31C63A}"
EndProject
Project("{8BC9CEB8-8B4A-11D0-8D11-00A0C91BC942}") = "libsoci", "libsoci\libsoci.vcxproj", "{95A55FC6-8BE4-465C-8F3A-4AB3D0C11DFE}"
EndProject
Project("{8BC9CEB8-8B4A-11D0-8D11-00A0C91BC942}") = "libdbaccess", "libdbaccess\libdbaccess.vcxproj", "{AEE6BFF9-2031-4622-80A1-70653FF2E20D}"
EndProject
Project("{8BC9CEB8-8B4A-11D0-8D11-00A0C91BC942}") = "service_dvncinet", "service_dvncinet\service_dvncinet.vcxproj", "{335D178B-31D2-4EB9-8DC2-E3F741AA1B9B}"
EndProject
Project("{8BC9CEB8-8B4A-11D0-8D11-00A0C91BC942}") = "libmeta", "libmeta\libmeta.vcxproj", "{79FCEB3B-1143-4B12-ADC9-F63C2A355828}"
EndProject
Project("{8BC9CEB8-8B4A-11D0-8D11-00A0C91BC942}") = "service_dvnciopc", "service_dvnciopc\service_dvnciopc.vcxproj", "{B49BF9E2-9250-4D12-BB13-2C2EDF914D6C}"
EndProject
Project("{8BC9CEB8-8B4A-11D0-8D11-00A0C91BC942}") = "app_test", "app_test\app_test.vcxproj", "{E57894C9-CE65-4EC4-9DF6-9A4BD5D5B28C}"
EndProject
Project("{8BC9CEB8-8B4A-11D0-8D11-00A0C91BC942}") = "service_dvnciadmin", "service_dvnciadmin\service_dvnciadmin.vcxproj", "{98E22949-D4E4-4347-8960-1FC8EA0F6990}"
EndProject
Project("{8BC9CEB8-8B4A-11D0-8D11-00A0C91BC942}") = "service_dvnciarch", "service_dvnciarch\service_dvnciarch.vcxproj", "{AB64F4B9-C622-4AE0-9AB7-E56CFEEF197E}"
EndProject
Project("{8BC9CEB8-8B4A-11D0-8D11-00A0C91BC942}") = "service_dvncidde", "service_dvncidde\service_dvncidde.vcxproj", "{24F2AD40-D864-43C3-8DB2-21260139377B}"
EndProject
Project("{8BC9CEB8-8B4A-11D0-8D11-00A0C91BC942}") = "service_dvncimodbus", "service_dvncimodbus\service_dvncimodbus.vcxproj", "{2F098646-6F9B-4F6C-8981-99EC1A324AFD}"
EndProject
Project("{8BC9CEB8-8B4A-11D0-8D11-00A0C91BC942}") = "service_dvncilgk", "service_dvncilgk\service_dvncilgk.vcxproj", "{62859916-0867-4015-B6B6-511F87729FF0}"
EndProject
Project("{8BC9CEB8-8B4A-11D0-8D11-00A0C91BC942}") = "test_poligon", "test_poligon\test_poligon.vcxproj", "{0EA103F9-CFF8-4C54-847D-BD974245B73C}"
EndProject
Project("{8BC9CEB8-8B4A-11D0-8D11-00A0C91BC942}") = "service_dvncikoyo", "service_dvncikoyo\service_dvncikoyo.vcxproj", "{BD71B0F1-8B6D-49D5-9586-DDE0914FD5FE}"
EndProject
Project("{8BC9CEB8-8B4A-11D0-8D11-00A0C91BC942}") = "libnsadmin", "libnsadmin\libnsadmin.vcxproj", "{710EDEEE-A356-42E2-BBBF-BB098490049A}"
EndProject
Project("{8BC9CEB8-8B4A-11D0-8D11-00A0C91BC942}") = "app_writetrenddef", "app_writetrenddef\app_writetrenddef.vcxproj", "{73DBE696-5850-40CA-8380-F2EF2D8C8248}"
EndProject
Project("{8BC9CEB8-8B4A-11D0-8D11-00A0C91BC942}") = "service_dvncisys", "service_dvncisys\service_dvncisys.vcxproj", "{8CE6C164-5D7E-4E7D-8B6C-453309D74864}"
EndProject
Project("{8BC9CEB8-8B4A-11D0-8D11-00A0C91BC942}") = "libcustom", "libcustom\libcustom.vcxproj", "{68B1E058-780C-4858-BF2C-E319276E5730}"
EndProject
Project("{8BC9CEB8-8B4A-11D0-8D11-00A0C91BC942}") = "lisocipg", "libsocipg\lisocipg.vcxproj", "{082E9620-AD00-4285-B271-6A812F3DCB6A}"
EndProject
Project("{8BC9CEB8-8B4A-11D0-8D11-00A0C91BC942}") = "consol_admin", "consol_admin\consol_admin.vcxproj", "{74BB1AB7-9476-4956-997A-DEAA825925A7}"
EndProject
Project("{8BC9CEB8-8B4A-11D0-8D11-00A0C91BC942}") = "service_gui_test", "service_gui_test\service_gui_test.vcxproj", "{3A7A70C9-097C-4966-95F5-E4BAD164E879}"
EndProject
Project("{8BC9CEB8-8B4A-11D0-8D11-00A0C91BC942}") = "net_poligon", "net_poligon\net_poligon.vcxproj", "{4FE4DBB3-146B-4E70-89B6-CED1565E932A}"
EndProject
Project("{8BC9CEB8-8B4A-11D0-8D11-00A0C91BC942}") = "app_admin", "app_admin\app_admin.vcxproj", "{4EAC6447-8608-4EB8-AAC0-E9A7055D517C}"
EndProject
Project("{8BC9CEB8-8B4A-11D0-8D11-00A0C91BC942}") = "service_iec60870", "service_iec60870\service_iec60870.vcxproj", "{07FC4CC7-A13C-409B-8A29-AA900F352FB8}"
EndProject
Project("{8BC9CEB8-8B4A-11D0-8D11-00A0C91BC942}") = "service_mms", "service_mms\service_mms.vcxproj", "{C7435A1C-3259-4E3B-96CA-11C1A9325FC8}"
EndProject
Project("{8BC9CEB8-8B4A-11D0-8D11-00A0C91BC942}") = "libmms", "..\..\itu-t\programs\vc_programs\vc10\libmms\libmms.vcxproj", "{5EF0AE74-AB49-4944-A274-5802925AA42B}"
EndProject
Project("{8BC9CEB8-8B4A-11D0-8D11-00A0C91BC942}") = "libiec60870", "libiec60870\libiec60870.vcxproj", "{BF10E14C-1BDB-4D9B-ABC8-1BDA112E6A17}"
EndProject
Global
	GlobalSection(SolutionConfigurationPlatforms) = preSolution
		vc_ms_db_WIN32_10|Win32 = vc_ms_db_WIN32_10|Win32
		vc_ms_dbd_WIN32_10|Win32 = vc_ms_dbd_WIN32_10|Win32
		vc_ms_rl_WIN32_10|Win32 = vc_ms_rl_WIN32_10|Win32
		vc_ms_rld_WIN32_10|Win32 = vc_ms_rld_WIN32_10|Win32
	EndGlobalSection
	GlobalSection(ProjectConfigurationPlatforms) = postSolution
		{7786373A-6825-4388-9621-13C84F31C63A}.vc_ms_db_WIN32_10|Win32.ActiveCfg = vc_ms_db_WIN32_10|Win32
		{7786373A-6825-4388-9621-13C84F31C63A}.vc_ms_db_WIN32_10|Win32.Build.0 = vc_ms_db_WIN32_10|Win32
		{7786373A-6825-4388-9621-13C84F31C63A}.vc_ms_dbd_WIN32_10|Win32.ActiveCfg = vc_ms_dbd_WIN32_10|Win32
		{7786373A-6825-4388-9621-13C84F31C63A}.vc_ms_dbd_WIN32_10|Win32.Build.0 = vc_ms_dbd_WIN32_10|Win32
		{7786373A-6825-4388-9621-13C84F31C63A}.vc_ms_rl_WIN32_10|Win32.ActiveCfg = vc_ms_rl_WIN32_10|Win32
		{7786373A-6825-4388-9621-13C84F31C63A}.vc_ms_rl_WIN32_10|Win32.Build.0 = vc_ms_rl_WIN32_10|Win32
		{7786373A-6825-4388-9621-13C84F31C63A}.vc_ms_rld_WIN32_10|Win32.ActiveCfg = vc_ms_rld_WIN32_10|Win32
		{7786373A-6825-4388-9621-13C84F31C63A}.vc_ms_rld_WIN32_10|Win32.Build.0 = vc_ms_rld_WIN32_10|Win32
		{95A55FC6-8BE4-465C-8F3A-4AB3D0C11DFE}.vc_ms_db_WIN32_10|Win32.ActiveCfg = vc_ms_db_WIN32_10|Win32
		{95A55FC6-8BE4-465C-8F3A-4AB3D0C11DFE}.vc_ms_db_WIN32_10|Win32.Build.0 = vc_ms_db_WIN32_10|Win32
		{95A55FC6-8BE4-465C-8F3A-4AB3D0C11DFE}.vc_ms_dbd_WIN32_10|Win32.ActiveCfg = vc_ms_db_WIN32_10|Win32
		{95A55FC6-8BE4-465C-8F3A-4AB3D0C11DFE}.vc_ms_rl_WIN32_10|Win32.ActiveCfg = vc_ms_rl_WIN32_10|Win32
		{95A55FC6-8BE4-465C-8F3A-4AB3D0C11DFE}.vc_ms_rl_WIN32_10|Win32.Build.0 = vc_ms_rl_WIN32_10|Win32
		{95A55FC6-8BE4-465C-8F3A-4AB3D0C11DFE}.vc_ms_rld_WIN32_10|Win32.ActiveCfg = vc_ms_rl_WIN32_10|Win32
		{AEE6BFF9-2031-4622-80A1-70653FF2E20D}.vc_ms_db_WIN32_10|Win32.ActiveCfg = vc_ms_db_WIN32_10|Win32
		{AEE6BFF9-2031-4622-80A1-70653FF2E20D}.vc_ms_db_WIN32_10|Win32.Build.0 = vc_ms_db_WIN32_10|Win32
		{AEE6BFF9-2031-4622-80A1-70653FF2E20D}.vc_ms_dbd_WIN32_10|Win32.ActiveCfg = vc_ms_db_WIN32_10|Win32
		{AEE6BFF9-2031-4622-80A1-70653FF2E20D}.vc_ms_rl_WIN32_10|Win32.ActiveCfg = vc_ms_rl_WIN32_10|Win32
		{AEE6BFF9-2031-4622-80A1-70653FF2E20D}.vc_ms_rl_WIN32_10|Win32.Build.0 = vc_ms_rl_WIN32_10|Win32
		{AEE6BFF9-2031-4622-80A1-70653FF2E20D}.vc_ms_rld_WIN32_10|Win32.ActiveCfg = vc_ms_rl_WIN32_10|Win32
		{335D178B-31D2-4EB9-8DC2-E3F741AA1B9B}.vc_ms_db_WIN32_10|Win32.ActiveCfg = vc_ms_db_WIN32_10|Win32
		{335D178B-31D2-4EB9-8DC2-E3F741AA1B9B}.vc_ms_db_WIN32_10|Win32.Build.0 = vc_ms_db_WIN32_10|Win32
		{335D178B-31D2-4EB9-8DC2-E3F741AA1B9B}.vc_ms_dbd_WIN32_10|Win32.ActiveCfg = vc_ms_db_WIN32_10|Win32
		{335D178B-31D2-4EB9-8DC2-E3F741AA1B9B}.vc_ms_rl_WIN32_10|Win32.ActiveCfg = vc_ms_rl_WIN32_10|Win32
		{335D178B-31D2-4EB9-8DC2-E3F741AA1B9B}.vc_ms_rl_WIN32_10|Win32.Build.0 = vc_ms_rl_WIN32_10|Win32
		{335D178B-31D2-4EB9-8DC2-E3F741AA1B9B}.vc_ms_rld_WIN32_10|Win32.ActiveCfg = vc_ms_rl_WIN32_10|Win32
		{79FCEB3B-1143-4B12-ADC9-F63C2A355828}.vc_ms_db_WIN32_10|Win32.ActiveCfg = vc_ms_db_WIN32_10|Win32
		{79FCEB3B-1143-4B12-ADC9-F63C2A355828}.vc_ms_db_WIN32_10|Win32.Build.0 = vc_ms_db_WIN32_10|Win32
		{79FCEB3B-1143-4B12-ADC9-F63C2A355828}.vc_ms_dbd_WIN32_10|Win32.ActiveCfg = vc_ms_dbd_WIN32_10|Win32
		{79FCEB3B-1143-4B12-ADC9-F63C2A355828}.vc_ms_dbd_WIN32_10|Win32.Build.0 = vc_ms_dbd_WIN32_10|Win32
		{79FCEB3B-1143-4B12-ADC9-F63C2A355828}.vc_ms_rl_WIN32_10|Win32.ActiveCfg = vc_ms_rl_WIN32_10|Win32
		{79FCEB3B-1143-4B12-ADC9-F63C2A355828}.vc_ms_rl_WIN32_10|Win32.Build.0 = vc_ms_rl_WIN32_10|Win32
		{79FCEB3B-1143-4B12-ADC9-F63C2A355828}.vc_ms_rld_WIN32_10|Win32.ActiveCfg = vc_ms_rld_WIN32_10|Win32
		{79FCEB3B-1143-4B12-ADC9-F63C2A355828}.vc_ms_rld_WIN32_10|Win32.Build.0 = vc_ms_rld_WIN32_10|Win32
		{B49BF9E2-9250-4D12-BB13-2C2EDF914D6C}.vc_ms_db_WIN32_10|Win32.ActiveCfg = vc_ms_db_WIN32_10|Win32
		{B49BF9E2-9250-4D12-BB13-2C2EDF914D6C}.vc_ms_db_WIN32_10|Win32.Build.0 = vc_ms_db_WIN32_10|Win32
		{B49BF9E2-9250-4D12-BB13-2C2EDF914D6C}.vc_ms_dbd_WIN32_10|Win32.ActiveCfg = vc_ms_db_WIN32_10|Win32
		{B49BF9E2-9250-4D12-BB13-2C2EDF914D6C}.vc_ms_rl_WIN32_10|Win32.ActiveCfg = vc_ms_rl_WIN32_10|Win32
		{B49BF9E2-9250-4D12-BB13-2C2EDF914D6C}.vc_ms_rl_WIN32_10|Win32.Build.0 = vc_ms_rl_WIN32_10|Win32
		{B49BF9E2-9250-4D12-BB13-2C2EDF914D6C}.vc_ms_rld_WIN32_10|Win32.ActiveCfg = vc_ms_rl_WIN32_10|Win32
		{E57894C9-CE65-4EC4-9DF6-9A4BD5D5B28C}.vc_ms_db_WIN32_10|Win32.ActiveCfg = vc_ms_db_WIN32_10|Win32
		{E57894C9-CE65-4EC4-9DF6-9A4BD5D5B28C}.vc_ms_db_WIN32_10|Win32.Build.0 = vc_ms_db_WIN32_10|Win32
		{E57894C9-CE65-4EC4-9DF6-9A4BD5D5B28C}.vc_ms_dbd_WIN32_10|Win32.ActiveCfg = vc_ms_db_WIN32_10|Win32
		{E57894C9-CE65-4EC4-9DF6-9A4BD5D5B28C}.vc_ms_rl_WIN32_10|Win32.ActiveCfg = vc_ms_rl_WIN32_10|Win32
		{E57894C9-CE65-4EC4-9DF6-9A4BD5D5B28C}.vc_ms_rl_WIN32_10|Win32.Build.0 = vc_ms_rl_WIN32_10|Win32
		{E57894C9-CE65-4EC4-9DF6-9A4BD5D5B28C}.vc_ms_rld_WIN32_10|Win32.ActiveCfg = vc_ms_rl_WIN32_10|Win32
		{98E22949-D4E4-4347-8960-1FC8EA0F6990}.vc_ms_db_WIN32_10|Win32.ActiveCfg = vc_ms_db_WIN32_10|Win32
		{98E22949-D4E4-4347-8960-1FC8EA0F6990}.vc_ms_db_WIN32_10|Win32.Build.0 = vc_ms_db_WIN32_10|Win32
		{98E22949-D4E4-4347-8960-1FC8EA0F6990}.vc_ms_dbd_WIN32_10|Win32.ActiveCfg = vc_ms_db_WIN32_10|Win32
		{98E22949-D4E4-4347-8960-1FC8EA0F6990}.vc_ms_rl_WIN32_10|Win32.ActiveCfg = vc_ms_rl_WIN32_10|Win32
		{98E22949-D4E4-4347-8960-1FC8EA0F6990}.vc_ms_rl_WIN32_10|Win32.Build.0 = vc_ms_rl_WIN32_10|Win32
		{98E22949-D4E4-4347-8960-1FC8EA0F6990}.vc_ms_rld_WIN32_10|Win32.ActiveCfg = vc_ms_rl_WIN32_10|Win32
		{AB64F4B9-C622-4AE0-9AB7-E56CFEEF197E}.vc_ms_db_WIN32_10|Win32.ActiveCfg = vc_ms_db_WIN32_10|Win32
		{AB64F4B9-C622-4AE0-9AB7-E56CFEEF197E}.vc_ms_db_WIN32_10|Win32.Build.0 = vc_ms_db_WIN32_10|Win32
		{AB64F4B9-C622-4AE0-9AB7-E56CFEEF197E}.vc_ms_dbd_WIN32_10|Win32.ActiveCfg = vc_ms_db_WIN32_10|Win32
		{AB64F4B9-C622-4AE0-9AB7-E56CFEEF197E}.vc_ms_rl_WIN32_10|Win32.ActiveCfg = vc_ms_rl_WIN32_10|Win32
		{AB64F4B9-C622-4AE0-9AB7-E56CFEEF197E}.vc_ms_rl_WIN32_10|Win32.Build.0 = vc_ms_rl_WIN32_10|Win32
		{AB64F4B9-C622-4AE0-9AB7-E56CFEEF197E}.vc_ms_rld_WIN32_10|Win32.ActiveCfg = vc_ms_rl_WIN32_10|Win32
		{24F2AD40-D864-43C3-8DB2-21260139377B}.vc_ms_db_WIN32_10|Win32.ActiveCfg = vc_ms_db_WIN32_10|Win32
		{24F2AD40-D864-43C3-8DB2-21260139377B}.vc_ms_db_WIN32_10|Win32.Build.0 = vc_ms_db_WIN32_10|Win32
		{24F2AD40-D864-43C3-8DB2-21260139377B}.vc_ms_dbd_WIN32_10|Win32.ActiveCfg = vc_ms_db_WIN32_10|Win32
		{24F2AD40-D864-43C3-8DB2-21260139377B}.vc_ms_rl_WIN32_10|Win32.ActiveCfg = vc_ms_rl_WIN32_10|Win32
		{24F2AD40-D864-43C3-8DB2-21260139377B}.vc_ms_rl_WIN32_10|Win32.Build.0 = vc_ms_rl_WIN32_10|Win32
		{24F2AD40-D864-43C3-8DB2-21260139377B}.vc_ms_rld_WIN32_10|Win32.ActiveCfg = vc_ms_rl_WIN32_10|Win32
		{2F098646-6F9B-4F6C-8981-99EC1A324AFD}.vc_ms_db_WIN32_10|Win32.ActiveCfg = vc_ms_db_WIN32_10|Win32
		{2F098646-6F9B-4F6C-8981-99EC1A324AFD}.vc_ms_db_WIN32_10|Win32.Build.0 = vc_ms_db_WIN32_10|Win32
		{2F098646-6F9B-4F6C-8981-99EC1A324AFD}.vc_ms_dbd_WIN32_10|Win32.ActiveCfg = vc_ms_db_WIN32_10|Win32
		{2F098646-6F9B-4F6C-8981-99EC1A324AFD}.vc_ms_rl_WIN32_10|Win32.ActiveCfg = vc_ms_rl_WIN32_10|Win32
		{2F098646-6F9B-4F6C-8981-99EC1A324AFD}.vc_ms_rl_WIN32_10|Win32.Build.0 = vc_ms_rl_WIN32_10|Win32
		{2F098646-6F9B-4F6C-8981-99EC1A324AFD}.vc_ms_rld_WIN32_10|Win32.ActiveCfg = vc_ms_rl_WIN32_10|Win32
		{62859916-0867-4015-B6B6-511F87729FF0}.vc_ms_db_WIN32_10|Win32.ActiveCfg = vc_ms_db_WIN32_10|Win32
		{62859916-0867-4015-B6B6-511F87729FF0}.vc_ms_db_WIN32_10|Win32.Build.0 = vc_ms_db_WIN32_10|Win32
		{62859916-0867-4015-B6B6-511F87729FF0}.vc_ms_dbd_WIN32_10|Win32.ActiveCfg = vc_ms_db_WIN32_10|Win32
		{62859916-0867-4015-B6B6-511F87729FF0}.vc_ms_rl_WIN32_10|Win32.ActiveCfg = vc_ms_rl_WIN32_10|Win32
		{62859916-0867-4015-B6B6-511F87729FF0}.vc_ms_rl_WIN32_10|Win32.Build.0 = vc_ms_rl_WIN32_10|Win32
		{62859916-0867-4015-B6B6-511F87729FF0}.vc_ms_rld_WIN32_10|Win32.ActiveCfg = vc_ms_rl_WIN32_10|Win32
		{0EA103F9-CFF8-4C54-847D-BD974245B73C}.vc_ms_db_WIN32_10|Win32.ActiveCfg = vc_ms_db_WIN32_10|Win32
		{0EA103F9-CFF8-4C54-847D-BD974245B73C}.vc_ms_db_WIN32_10|Win32.Build.0 = vc_ms_db_WIN32_10|Win32
		{0EA103F9-CFF8-4C54-847D-BD974245B73C}.vc_ms_dbd_WIN32_10|Win32.ActiveCfg = vc_ms_db_WIN32_10|Win32
		{0EA103F9-CFF8-4C54-847D-BD974245B73C}.vc_ms_rl_WIN32_10|Win32.ActiveCfg = vc_ms_rl_WIN32_10|Win32
		{0EA103F9-CFF8-4C54-847D-BD974245B73C}.vc_ms_rl_WIN32_10|Win32.Build.0 = vc_ms_rl_WIN32_10|Win32
		{0EA103F9-CFF8-4C54-847D-BD974245B73C}.vc_ms_rld_WIN32_10|Win32.ActiveCfg = vc_ms_rl_WIN32_10|Win32
		{BD71B0F1-8B6D-49D5-9586-DDE0914FD5FE}.vc_ms_db_WIN32_10|Win32.ActiveCfg = vc_ms_db_WIN32_10|Win32
		{BD71B0F1-8B6D-49D5-9586-DDE0914FD5FE}.vc_ms_db_WIN32_10|Win32.Build.0 = vc_ms_db_WIN32_10|Win32
		{BD71B0F1-8B6D-49D5-9586-DDE0914FD5FE}.vc_ms_dbd_WIN32_10|Win32.ActiveCfg = vc_ms_db_WIN32_10|Win32
		{BD71B0F1-8B6D-49D5-9586-DDE0914FD5FE}.vc_ms_rl_WIN32_10|Win32.ActiveCfg = vc_ms_rl_WIN32_10|Win32
		{BD71B0F1-8B6D-49D5-9586-DDE0914FD5FE}.vc_ms_rl_WIN32_10|Win32.Build.0 = vc_ms_rl_WIN32_10|Win32
		{BD71B0F1-8B6D-49D5-9586-DDE0914FD5FE}.vc_ms_rld_WIN32_10|Win32.ActiveCfg = vc_ms_rl_WIN32_10|Win32
		{710EDEEE-A356-42E2-BBBF-BB098490049A}.vc_ms_db_WIN32_10|Win32.ActiveCfg = vc_ms_db_WIN32_10|Win32
		{710EDEEE-A356-42E2-BBBF-BB098490049A}.vc_ms_db_WIN32_10|Win32.Build.0 = vc_ms_db_WIN32_10|Win32
		{710EDEEE-A356-42E2-BBBF-BB098490049A}.vc_ms_dbd_WIN32_10|Win32.ActiveCfg = vc_ms_dbd_WIN32_10|Win32
		{710EDEEE-A356-42E2-BBBF-BB098490049A}.vc_ms_dbd_WIN32_10|Win32.Build.0 = vc_ms_dbd_WIN32_10|Win32
		{710EDEEE-A356-42E2-BBBF-BB098490049A}.vc_ms_rl_WIN32_10|Win32.ActiveCfg = vc_ms_rl_WIN32_10|Win32
		{710EDEEE-A356-42E2-BBBF-BB098490049A}.vc_ms_rl_WIN32_10|Win32.Build.0 = vc_ms_rl_WIN32_10|Win32
		{710EDEEE-A356-42E2-BBBF-BB098490049A}.vc_ms_rld_WIN32_10|Win32.ActiveCfg = vc_ms_rld_WIN32_10|Win32
		{710EDEEE-A356-42E2-BBBF-BB098490049A}.vc_ms_rld_WIN32_10|Win32.Build.0 = vc_ms_rld_WIN32_10|Win32
		{73DBE696-5850-40CA-8380-F2EF2D8C8248}.vc_ms_db_WIN32_10|Win32.ActiveCfg = vc_ms_db_WIN32_10|Win32
		{73DBE696-5850-40CA-8380-F2EF2D8C8248}.vc_ms_db_WIN32_10|Win32.Build.0 = vc_ms_db_WIN32_10|Win32
		{73DBE696-5850-40CA-8380-F2EF2D8C8248}.vc_ms_dbd_WIN32_10|Win32.ActiveCfg = vc_ms_db_WIN32_10|Win32
		{73DBE696-5850-40CA-8380-F2EF2D8C8248}.vc_ms_rl_WIN32_10|Win32.ActiveCfg = vc_ms_rl_WIN32_10|Win32
		{73DBE696-5850-40CA-8380-F2EF2D8C8248}.vc_ms_rl_WIN32_10|Win32.Build.0 = vc_ms_rl_WIN32_10|Win32
		{73DBE696-5850-40CA-8380-F2EF2D8C8248}.vc_ms_rld_WIN32_10|Win32.ActiveCfg = vc_ms_rl_WIN32_10|Win32
		{8CE6C164-5D7E-4E7D-8B6C-453309D74864}.vc_ms_db_WIN32_10|Win32.ActiveCfg = vc_ms_db_WIN32_10|Win32
		{8CE6C164-5D7E-4E7D-8B6C-453309D74864}.vc_ms_db_WIN32_10|Win32.Build.0 = vc_ms_db_WIN32_10|Win32
		{8CE6C164-5D7E-4E7D-8B6C-453309D74864}.vc_ms_dbd_WIN32_10|Win32.ActiveCfg = vc_ms_db_WIN32_10|Win32
		{8CE6C164-5D7E-4E7D-8B6C-453309D74864}.vc_ms_rl_WIN32_10|Win32.ActiveCfg = vc_ms_rl_WIN32_10|Win32
		{8CE6C164-5D7E-4E7D-8B6C-453309D74864}.vc_ms_rl_WIN32_10|Win32.Build.0 = vc_ms_rl_WIN32_10|Win32
		{8CE6C164-5D7E-4E7D-8B6C-453309D74864}.vc_ms_rld_WIN32_10|Win32.ActiveCfg = vc_ms_rl_WIN32_10|Win32
		{68B1E058-780C-4858-BF2C-E319276E5730}.vc_ms_db_WIN32_10|Win32.ActiveCfg = vc_ms_db_WIN32_10|Win32
		{68B1E058-780C-4858-BF2C-E319276E5730}.vc_ms_db_WIN32_10|Win32.Build.0 = vc_ms_db_WIN32_10|Win32
		{68B1E058-780C-4858-BF2C-E319276E5730}.vc_ms_dbd_WIN32_10|Win32.ActiveCfg = vc_ms_db_WIN32_10|Win32
		{68B1E058-780C-4858-BF2C-E319276E5730}.vc_ms_rl_WIN32_10|Win32.ActiveCfg = vc_ms_rl_WIN32_10|Win32
		{68B1E058-780C-4858-BF2C-E319276E5730}.vc_ms_rl_WIN32_10|Win32.Build.0 = vc_ms_rl_WIN32_10|Win32
		{68B1E058-780C-4858-BF2C-E319276E5730}.vc_ms_rld_WIN32_10|Win32.ActiveCfg = vc_ms_rl_WIN32_10|Win32
		{082E9620-AD00-4285-B271-6A812F3DCB6A}.vc_ms_db_WIN32_10|Win32.ActiveCfg = vc_ms_db_WIN32_10|Win32
		{082E9620-AD00-4285-B271-6A812F3DCB6A}.vc_ms_db_WIN32_10|Win32.Build.0 = vc_ms_db_WIN32_10|Win32
		{082E9620-AD00-4285-B271-6A812F3DCB6A}.vc_ms_dbd_WIN32_10|Win32.ActiveCfg = vc_ms_db_WIN32_10|Win32
		{082E9620-AD00-4285-B271-6A812F3DCB6A}.vc_ms_rl_WIN32_10|Win32.ActiveCfg = vc_ms_rl_WIN32_10|Win32
		{082E9620-AD00-4285-B271-6A812F3DCB6A}.vc_ms_rld_WIN32_10|Win32.ActiveCfg = vc_ms_rl_WIN32_10|Win32
		{74BB1AB7-9476-4956-997A-DEAA825925A7}.vc_ms_db_WIN32_10|Win32.ActiveCfg = vc_ms_db_WIN32_10|Win32
		{74BB1AB7-9476-4956-997A-DEAA825925A7}.vc_ms_db_WIN32_10|Win32.Build.0 = vc_ms_db_WIN32_10|Win32
		{74BB1AB7-9476-4956-997A-DEAA825925A7}.vc_ms_dbd_WIN32_10|Win32.ActiveCfg = vc_ms_db_WIN32_10|Win32
		{74BB1AB7-9476-4956-997A-DEAA825925A7}.vc_ms_rl_WIN32_10|Win32.ActiveCfg = vc_ms_rl_WIN32_10|Win32
		{74BB1AB7-9476-4956-997A-DEAA825925A7}.vc_ms_rl_WIN32_10|Win32.Build.0 = vc_ms_rl_WIN32_10|Win32
		{74BB1AB7-9476-4956-997A-DEAA825925A7}.vc_ms_rld_WIN32_10|Win32.ActiveCfg = vc_ms_rl_WIN32_10|Win32
		{3A7A70C9-097C-4966-95F5-E4BAD164E879}.vc_ms_db_WIN32_10|Win32.ActiveCfg = vc_ms_db_WIN32_10|Win32
		{3A7A70C9-097C-4966-95F5-E4BAD164E879}.vc_ms_db_WIN32_10|Win32.Build.0 = vc_ms_db_WIN32_10|Win32
		{3A7A70C9-097C-4966-95F5-E4BAD164E879}.vc_ms_dbd_WIN32_10|Win32.ActiveCfg = vc_ms_db_WIN32_10|Win32
		{3A7A70C9-097C-4966-95F5-E4BAD164E879}.vc_ms_rl_WIN32_10|Win32.ActiveCfg = vc_ms_rl_WIN32_10|Win32
		{3A7A70C9-097C-4966-95F5-E4BAD164E879}.vc_ms_rl_WIN32_10|Win32.Build.0 = vc_ms_rl_WIN32_10|Win32
		{3A7A70C9-097C-4966-95F5-E4BAD164E879}.vc_ms_rld_WIN32_10|Win32.ActiveCfg = vc_ms_rl_WIN32_10|Win32
		{4FE4DBB3-146B-4E70-89B6-CED1565E932A}.vc_ms_db_WIN32_10|Win32.ActiveCfg = vc_ms_db_WIN32_10|Win32
		{4FE4DBB3-146B-4E70-89B6-CED1565E932A}.vc_ms_db_WIN32_10|Win32.Build.0 = vc_ms_db_WIN32_10|Win32
		{4FE4DBB3-146B-4E70-89B6-CED1565E932A}.vc_ms_dbd_WIN32_10|Win32.ActiveCfg = vc_ms_db_WIN32_10|Win32
		{4FE4DBB3-146B-4E70-89B6-CED1565E932A}.vc_ms_rl_WIN32_10|Win32.ActiveCfg = vc_ms_rl_WIN32_10|Win32
		{4FE4DBB3-146B-4E70-89B6-CED1565E932A}.vc_ms_rl_WIN32_10|Win32.Build.0 = vc_ms_rl_WIN32_10|Win32
		{4FE4DBB3-146B-4E70-89B6-CED1565E932A}.vc_ms_rld_WIN32_10|Win32.ActiveCfg = vc_ms_rl_WIN32_10|Win32
		{4EAC6447-8608-4EB8-AAC0-E9A7055D517C}.vc_ms_db_WIN32_10|Win32.ActiveCfg = vc_ms_dbd_WIN32_10|Win32
		{4EAC6447-8608-4EB8-AAC0-E9A7055D517C}.vc_ms_dbd_WIN32_10|Win32.ActiveCfg = vc_ms_dbd_WIN32_10|Win32
		{4EAC6447-8608-4EB8-AAC0-E9A7055D517C}.vc_ms_dbd_WIN32_10|Win32.Build.0 = vc_ms_dbd_WIN32_10|Win32
		{4EAC6447-8608-4EB8-AAC0-E9A7055D517C}.vc_ms_rl_WIN32_10|Win32.ActiveCfg = vc_ms_rld_WIN32_10|Win32
		{4EAC6447-8608-4EB8-AAC0-E9A7055D517C}.vc_ms_rld_WIN32_10|Win32.ActiveCfg = vc_ms_rld_WIN32_10|Win32
		{4EAC6447-8608-4EB8-AAC0-E9A7055D517C}.vc_ms_rld_WIN32_10|Win32.Build.0 = vc_ms_rld_WIN32_10|Win32
		{07FC4CC7-A13C-409B-8A29-AA900F352FB8}.vc_ms_db_WIN32_10|Win32.ActiveCfg = vc_ms_db_WIN32_10|Win32
		{07FC4CC7-A13C-409B-8A29-AA900F352FB8}.vc_ms_db_WIN32_10|Win32.Build.0 = vc_ms_db_WIN32_10|Win32
		{07FC4CC7-A13C-409B-8A29-AA900F352FB8}.vc_ms_dbd_WIN32_10|Win32.ActiveCfg = vc_ms_db_WIN32_10|Win32
		{07FC4CC7-A13C-409B-8A29-AA900F352FB8}.vc_ms_rl_WIN32_10|Win32.ActiveCfg = vc_ms_rl_WIN32_10|Win32
		{07FC4CC7-A13C-409B-8A29-AA900F352FB8}.vc_ms_rl_WIN32_10|Win32.Build.0 = vc_ms_rl_WIN32_10|Win32
		{07FC4CC7-A13C-409B-8A29-AA900F352FB8}.vc_ms_rld_WIN32_10|Win32.ActiveCfg = vc_ms_rl_WIN32_10|Win32
		{C7435A1C-3259-4E3B-96CA-11C1A9325FC8}.vc_ms_db_WIN32_10|Win32.ActiveCfg = vc_ms_db_WIN32_10|Win32
		{C7435A1C-3259-4E3B-96CA-11C1A9325FC8}.vc_ms_db_WIN32_10|Win32.Build.0 = vc_ms_db_WIN32_10|Win32
		{C7435A1C-3259-4E3B-96CA-11C1A9325FC8}.vc_ms_dbd_WIN32_10|Win32.ActiveCfg = vc_ms_db_WIN32_10|Win32
		{C7435A1C-3259-4E3B-96CA-11C1A9325FC8}.vc_ms_rl_WIN32_10|Win32.ActiveCfg = vc_ms_rl_WIN32_10|Win32
		{C7435A1C-3259-4E3B-96CA-11C1A9325FC8}.vc_ms_rl_WIN32_10|Win32.Build.0 = vc_ms_rl_WIN32_10|Win32
		{C7435A1C-3259-4E3B-96CA-11C1A9325FC8}.vc_ms_rld_WIN32_10|Win32.ActiveCfg = vc_ms_rl_WIN32_10|Win32
		{5EF0AE74-AB49-4944-A274-5802925AA42B}.vc_ms_db_WIN32_10|Win32.ActiveCfg = vc_ms_db_WIN32_10|Win32
		{5EF0AE74-AB49-4944-A274-5802925AA42B}.vc_ms_db_WIN32_10|Win32.Build.0 = vc_ms_db_WIN32_10|Win32
		{5EF0AE74-AB49-4944-A274-5802925AA42B}.vc_ms_dbd_WIN32_10|Win32.ActiveCfg = vc_ms_dbd_WIN32|Win32
		{5EF0AE74-AB49-4944-A274-5802925AA42B}.vc_ms_dbd_WIN32_10|Win32.Build.0 = vc_ms_dbd_WIN32|Win32
		{5EF0AE74-AB49-4944-A274-5802925AA42B}.vc_ms_rl_WIN32_10|Win32.ActiveCfg = vc_ms_rl_WIN32_10|Win32
		{5EF0AE74-AB49-4944-A274-5802925AA42B}.vc_ms_rl_WIN32_10|Win32.Build.0 = vc_ms_rl_WIN32_10|Win32
		{5EF0AE74-AB49-4944-A274-5802925AA42B}.vc_ms_rld_WIN32_10|Win32.ActiveCfg = vc_ms_rld_WIN32|Win32
		{5EF0AE74-AB49-4944-A274-5802925AA42B}.vc_ms_rld_WIN32_10|Win32.Build.0 = vc_ms_rld_WIN32|Win32
		{BF10E14C-1BDB-4D9B-ABC8-1BDA112E6A17}.vc_ms_db_WIN32_10|Win32.ActiveCfg = vc_ms_db_WIN32_10|Win32
		{BF10E14C-1BDB-4D9B-ABC8-1BDA112E6A17}.vc_ms_db_WIN32_10|Win32.Build.0 = vc_ms_db_WIN32_10|Win32
		{BF10E14C-1BDB-4D9B-ABC8-1BDA112E6A17}.vc_ms_dbd_WIN32_10|Win32.ActiveCfg = vc_ms_dbd_WIN32_10|Win32
		{BF10E14C-1BDB-4D9B-ABC8-1BDA112E6A17}.vc_ms_dbd_WIN32_10|Win32.Build.0 = vc_ms_dbd_WIN32_10|Win32
		{BF10E14C-1BDB-4D9B-ABC8-1BDA112E6A17}.vc_ms_rl_WIN32_10|Win32.ActiveCfg = vc_ms_rl_WIN32_10|Win32
		{BF10E14C-1BDB-4D9B-ABC8-1BDA112E6A17}.vc_ms_rl_WIN32_10|Win32.Build.0 = vc_ms_rl_WIN32_10|Win32
		{BF10E14C-1BDB-4D9B-ABC8-1BDA112E6A17}.vc_ms_rld_WIN32_10|Win32.ActiveCfg = vc_ms_rld_WIN32_10|Win32
		{BF10E14C-1BDB-4D9B-ABC8-1BDA112E6A17}.vc_ms_rld_WIN32_10|Win32.Build.0 = vc_ms_rld_WIN32_10|Win32
	EndGlobalSection
	GlobalSection(SolutionProperties) = preSolution
		HideSolutionNode = FALSE
	EndGlobalSection
EndGlobal
